
Microsoft Visual Studio Solution File, Format Version 12.00
# Visual Studio 15
VisualStudioVersion = 15.0.27004.2008
MinimumVisualStudioVersion = 10.0.40219.1
Project("{F184B08F-C81C-45F6-A57F-5ABD9991F28F}") = "Big Movie Theater", "Big Movie Theater\Big Movie Theater.vbproj", "{4D24747C-380A-4E95-A516-FEF1B7F13982}"
EndProject
Global
	GlobalSection(SolutionConfigurationPlatforms) = preSolution
		Debug|Any CPU = Debug|Any CPU
		Release|Any CPU = Release|Any CPU
	EndGlobalSection
	GlobalSection(ProjectConfigurationPlatforms) = postSolution
		{4D24747C-380A-4E95-A516-FEF1B7F13982}.Debug|Any CPU.ActiveCfg = Debug|Any CPU
		{4D24747C-380A-4E95-A516-FEF1B7F13982}.Debug|Any CPU.Build.0 = Debug|Any CPU
		{4D24747C-380A-4E95-A516-FEF1B7F13982}.Release|Any CPU.ActiveCfg = Release|Any CPU
		{4D24747C-380A-4E95-A516-FEF1B7F13982}.Release|Any CPU.Build.0 = Release|Any CPU
	EndGlobalSection
	GlobalSection(SolutionProperties) = preSolution
		HideSolutionNode = FALSE
	EndGlobalSection
	GlobalSection(ExtensibilityGlobals) = postSolution
		SolutionGuid = {08D9775C-6F42-4165-903C-A457999F731E}
	EndGlobalSection
EndGlobal
