
Microsoft Visual Studio Solution File, Format Version 12.00
# Visual Studio Version 16
VisualStudioVersion = 16.0.31005.135
MinimumVisualStudioVersion = 10.0.40219.1
Project("{FAE04EC0-301F-11D3-BF4B-00C04F79EFBC}") = "Big Movie Theater", "Big Movie Theater\Big Movie Theater.csproj", "{53065DE0-F695-47B2-8AF5-C72F6E154429}"
EndProject
Global
	GlobalSection(SolutionConfigurationPlatforms) = preSolution
		Debug|Any CPU = Debug|Any CPU
		Release|Any CPU = Release|Any CPU
	EndGlobalSection
	GlobalSection(ProjectConfigurationPlatforms) = postSolution
		{53065DE0-F695-47B2-8AF5-C72F6E154429}.Debug|Any CPU.ActiveCfg = Debug|Any CPU
		{53065DE0-F695-47B2-8AF5-C72F6E154429}.Debug|Any CPU.Build.0 = Debug|Any CPU
		{53065DE0-F695-47B2-8AF5-C72F6E154429}.Release|Any CPU.ActiveCfg = Release|Any CPU
		{53065DE0-F695-47B2-8AF5-C72F6E154429}.Release|Any CPU.Build.0 = Release|Any CPU
	EndGlobalSection
	GlobalSection(SolutionProperties) = preSolution
		HideSolutionNode = FALSE
	EndGlobalSection
	GlobalSection(ExtensibilityGlobals) = postSolution
		SolutionGuid = {4CABFCA8-A05B-4FDE-9F4F-CFF9042A2293}
	EndGlobalSection
EndGlobal
