
Microsoft Visual Studio Solution File, Format Version 12.00
# Visual Studio Version 16
VisualStudioVersion = 16.0.31005.135
MinimumVisualStudioVersion = 10.0.40219.1
Project("{FAE04EC0-301F-11D3-BF4B-00C04F79EFBC}") = "ConstructorNintendoSwitch", "ConstructorNintendoSwitch\ConstructorNintendoSwitch.csproj", "{A06F2F0E-8D01-4C5F-AAE7-8968AFEA1177}"
EndProject
Global
	GlobalSection(SolutionConfigurationPlatforms) = preSolution
		Debug|Any CPU = Debug|Any CPU
		Release|Any CPU = Release|Any CPU
	EndGlobalSection
	GlobalSection(ProjectConfigurationPlatforms) = postSolution
		{A06F2F0E-8D01-4C5F-AAE7-8968AFEA1177}.Debug|Any CPU.ActiveCfg = Debug|Any CPU
		{A06F2F0E-8D01-4C5F-AAE7-8968AFEA1177}.Debug|Any CPU.Build.0 = Debug|Any CPU
		{A06F2F0E-8D01-4C5F-AAE7-8968AFEA1177}.Release|Any CPU.ActiveCfg = Release|Any CPU
		{A06F2F0E-8D01-4C5F-AAE7-8968AFEA1177}.Release|Any CPU.Build.0 = Release|Any CPU
	EndGlobalSection
	GlobalSection(SolutionProperties) = preSolution
		HideSolutionNode = FALSE
	EndGlobalSection
	GlobalSection(ExtensibilityGlobals) = postSolution
		SolutionGuid = {A35453C2-1C6B-4125-A3C4-0FA2517B4F5B}
	EndGlobalSection
EndGlobal
