
Microsoft Visual Studio Solution File, Format Version 12.00
# Visual Studio Version 16
VisualStudioVersion = 16.0.31005.135
MinimumVisualStudioVersion = 10.0.40219.1
Project("{FAE04EC0-301F-11D3-BF4B-00C04F79EFBC}") = "ClassCellPhone", "ClassCellPhone\ClassCellPhone.csproj", "{D1C6C017-E7ED-4C2E-A706-1617C30CAF99}"
EndProject
Global
	GlobalSection(SolutionConfigurationPlatforms) = preSolution
		Debug|Any CPU = Debug|Any CPU
		Release|Any CPU = Release|Any CPU
	EndGlobalSection
	GlobalSection(ProjectConfigurationPlatforms) = postSolution
		{D1C6C017-E7ED-4C2E-A706-1617C30CAF99}.Debug|Any CPU.ActiveCfg = Debug|Any CPU
		{D1C6C017-E7ED-4C2E-A706-1617C30CAF99}.Debug|Any CPU.Build.0 = Debug|Any CPU
		{D1C6C017-E7ED-4C2E-A706-1617C30CAF99}.Release|Any CPU.ActiveCfg = Release|Any CPU
		{D1C6C017-E7ED-4C2E-A706-1617C30CAF99}.Release|Any CPU.Build.0 = Release|Any CPU
	EndGlobalSection
	GlobalSection(SolutionProperties) = preSolution
		HideSolutionNode = FALSE
	EndGlobalSection
	GlobalSection(ExtensibilityGlobals) = postSolution
		SolutionGuid = {1C562FC4-1F34-4B7B-B237-40C772608F0E}
	EndGlobalSection
EndGlobal
