
Microsoft Visual Studio Solution File, Format Version 12.00
# Visual Studio Version 16
VisualStudioVersion = 16.0.31729.503
MinimumVisualStudioVersion = 10.0.40219.1
Project("{FAE04EC0-301F-11D3-BF4B-00C04F79EFBC}") = "feetToInchesFunction", "feetToInchesFunction.csproj", "{5CF49E17-A2DA-491A-BB03-BCD15A7BD35C}"
EndProject
Global
	GlobalSection(SolutionConfigurationPlatforms) = preSolution
		Debug|Any CPU = Debug|Any CPU
		Release|Any CPU = Release|Any CPU
	EndGlobalSection
	GlobalSection(ProjectConfigurationPlatforms) = postSolution
		{5CF49E17-A2DA-491A-BB03-BCD15A7BD35C}.Debug|Any CPU.ActiveCfg = Debug|Any CPU
		{5CF49E17-A2DA-491A-BB03-BCD15A7BD35C}.Debug|Any CPU.Build.0 = Debug|Any CPU
		{5CF49E17-A2DA-491A-BB03-BCD15A7BD35C}.Release|Any CPU.ActiveCfg = Release|Any CPU
		{5CF49E17-A2DA-491A-BB03-BCD15A7BD35C}.Release|Any CPU.Build.0 = Release|Any CPU
	EndGlobalSection
	GlobalSection(SolutionProperties) = preSolution
		HideSolutionNode = FALSE
	EndGlobalSection
	GlobalSection(ExtensibilityGlobals) = postSolution
		SolutionGuid = {61949770-2528-48CA-9A15-4E49C370BAB8}
	EndGlobalSection
EndGlobal
