
Microsoft Visual Studio Solution File, Format Version 12.00
# Visual Studio Version 16
VisualStudioVersion = 16.0.31005.135
MinimumVisualStudioVersion = 10.0.40219.1
Project("{FAE04EC0-301F-11D3-BF4B-00C04F79EFBC}") = "ArraysRecursion", "ArraysRecursion\ArraysRecursion.csproj", "{F1316427-600C-4E18-8334-49583A0E202C}"
EndProject
Global
	GlobalSection(SolutionConfigurationPlatforms) = preSolution
		Debug|Any CPU = Debug|Any CPU
		Release|Any CPU = Release|Any CPU
	EndGlobalSection
	GlobalSection(ProjectConfigurationPlatforms) = postSolution
		{F1316427-600C-4E18-8334-49583A0E202C}.Debug|Any CPU.ActiveCfg = Debug|Any CPU
		{F1316427-600C-4E18-8334-49583A0E202C}.Debug|Any CPU.Build.0 = Debug|Any CPU
		{F1316427-600C-4E18-8334-49583A0E202C}.Release|Any CPU.ActiveCfg = Release|Any CPU
		{F1316427-600C-4E18-8334-49583A0E202C}.Release|Any CPU.Build.0 = Release|Any CPU
	EndGlobalSection
	GlobalSection(SolutionProperties) = preSolution
		HideSolutionNode = FALSE
	EndGlobalSection
	GlobalSection(ExtensibilityGlobals) = postSolution
		SolutionGuid = {200AECAD-0D76-4CA1-B59A-4F35626310B1}
	EndGlobalSection
EndGlobal
